// !$*UTF8*$!
{
	archiveVersion = 1;
	classes = {
	};
	objectVersion = 46;
	objects = {

/* Begin PBXBuildFile section */
		537F2BFA1B1F37B30063A64E /* InfotainmentViewController.m in Sources */ = {isa = PBXBuildFile; fileRef = 537F2BF81B1F37B30063A64E /* InfotainmentViewController.m */; };
		537F2BFB1B1F37B30063A64E /* InfotainmentViewController.xib in Resources */ = {isa = PBXBuildFile; fileRef = 537F2BF91B1F37B30063A64E /* InfotainmentViewController.xib */; };
		537F2C021B1F38C60063A64E /* ContentViewController.m in Sources */ = {isa = PBXBuildFile; fileRef = 537F2C001B1F38C60063A64E /* ContentViewController.m */; };
		537F2C031B1F38C60063A64E /* ContentViewController.xib in Resources */ = {isa = PBXBuildFile; fileRef = 537F2C011B1F38C60063A64E /* ContentViewController.xib */; };
		537F2C071B1F39130063A64E /* RatingTableViewCell.m in Sources */ = {isa = PBXBuildFile; fileRef = 537F2C051B1F39130063A64E /* RatingTableViewCell.m */; };
		537F2C081B1F39130063A64E /* RatingTableViewCell.xib in Resources */ = {isa = PBXBuildFile; fileRef = 537F2C061B1F39130063A64E /* RatingTableViewCell.xib */; };
/* End PBXBuildFile section */

/* Begin PBXFileReference section */
		537F2BF71B1F37B20063A64E /* InfotainmentViewController.h */ = {isa = PBXFileReference; fileEncoding = 4; lastKnownFileType = sourcecode.c.h; path = InfotainmentViewController.h; sourceTree = "<group>"; };
		537F2BF81B1F37B30063A64E /* InfotainmentViewController.m */ = {isa = PBXFileReference; fileEncoding = 4; lastKnownFileType = sourcecode.c.objc; path = InfotainmentViewController.m; sourceTree = "<group>"; };
		537F2BF91B1F37B30063A64E /* InfotainmentViewController.xib */ = {isa = PBXFileReference; fileEncoding = 4; lastKnownFileType = file.xib; path = InfotainmentViewController.xib; sourceTree = "<group>"; };
		537F2BFD1B1F38B40063A64E /* BloccLibrary.app */ = {isa = PBXFileReference; explicitFileType = wrapper.application; includeInIndex = 0; name = BloccLibrary.app; path = "/Users/istvancserepes/Desktop/BloccLibrary/build/Debug-iphoneos/BloccLibrary.app"; sourceTree = "<absolute>"; };
		537F2BFF1B1F38C60063A64E /* ContentViewController.h */ = {isa = PBXFileReference; fileEncoding = 4; lastKnownFileType = sourcecode.c.h; path = ContentViewController.h; sourceTree = "<group>"; };
		537F2C001B1F38C60063A64E /* ContentViewController.m */ = {isa = PBXFileReference; fileEncoding = 4; lastKnownFileType = sourcecode.c.objc; path = ContentViewController.m; sourceTree = "<group>"; };
		537F2C011B1F38C60063A64E /* ContentViewController.xib */ = {isa = PBXFileReference; fileEncoding = 4; lastKnownFileType = file.xib; path = ContentViewController.xib; sourceTree = "<group>"; };
		537F2C041B1F39130063A64E /* RatingTableViewCell.h */ = {isa = PBXFileReference; fileEncoding = 4; lastKnownFileType = sourcecode.c.h; path = RatingTableViewCell.h; sourceTree = "<group>"; };
		537F2C051B1F39130063A64E /* RatingTableViewCell.m */ = {isa = PBXFileReference; fileEncoding = 4; lastKnownFileType = sourcecode.c.objc; path = RatingTableViewCell.m; sourceTree = "<group>"; };
		537F2C061B1F39130063A64E /* RatingTableViewCell.xib */ = {isa = PBXFileReference; fileEncoding = 4; lastKnownFileType = file.xib; path = RatingTableViewCell.xib; sourceTree = "<group>"; };
/* End PBXFileReference section */

/* Begin PBXFrameworksBuildPhase section */
		537F2B7C1B1F0FCD0063A64E /* Frameworks */ = {
			isa = PBXFrameworksBuildPhase;
			buildActionMask = 2147483647;
			files = (
			);
			runOnlyForDeploymentPostprocessing = 0;
		};
/* End PBXFrameworksBuildPhase section */

/* Begin PBXGroup section */
		537F2B761B1F0FCD0063A64E = {
			isa = PBXGroup;
			children = (
				537F2B811B1F0FCD0063A64E /* BloccLibrary */,
			);
			sourceTree = "<group>";
		};
		537F2B811B1F0FCD0063A64E /* BloccLibrary */ = {
			isa = PBXGroup;
			children = (
				537F2BF71B1F37B20063A64E /* InfotainmentViewController.h */,
				537F2BF81B1F37B30063A64E /* InfotainmentViewController.m */,
				537F2BF91B1F37B30063A64E /* InfotainmentViewController.xib */,
				537F2BFF1B1F38C60063A64E /* ContentViewController.h */,
				537F2C001B1F38C60063A64E /* ContentViewController.m */,
				537F2C011B1F38C60063A64E /* ContentViewController.xib */,
				537F2C041B1F39130063A64E /* RatingTableViewCell.h */,
				537F2C051B1F39130063A64E /* RatingTableViewCell.m */,
				537F2C061B1F39130063A64E /* RatingTableViewCell.xib */,
			);
			path = BloccLibrary;
			sourceTree = "<group>";
		};
/* End PBXGroup section */

/* Begin PBXNativeTarget section */
		537F2B7E1B1F0FCD0063A64E /* BloccLibrary */ = {
			isa = PBXNativeTarget;
			buildConfigurationList = 537F2BA21B1F0FCD0063A64E /* Build configuration list for PBXNativeTarget "BloccLibrary" */;
			buildPhases = (
				537F2B7B1B1F0FCD0063A64E /* Sources */,
				537F2B7C1B1F0FCD0063A64E /* Frameworks */,
				537F2B7D1B1F0FCD0063A64E /* Resources */,
			);
			buildRules = (
			);
			dependencies = (
			);
			name = BloccLibrary;
			productName = BloccLibrary;
			productReference = 537F2BFD1B1F38B40063A64E /* BloccLibrary.app */;
			productType = "com.apple.product-type.application";
		};
/* End PBXNativeTarget section */

/* Begin PBXProject section */
		537F2B771B1F0FCD0063A64E /* Project object */ = {
			isa = PBXProject;
			attributes = {
				LastUpgradeCheck = 0630;
				ORGANIZATIONNAME = "Istvan Cserepes";
				TargetAttributes = {
					537F2B7E1B1F0FCD0063A64E = {
						CreatedOnToolsVersion = 6.3.2;
					};
				};
			};
			buildConfigurationList = 537F2B7A1B1F0FCD0063A64E /* Build configuration list for PBXProject "BloccLibrary" */;
			compatibilityVersion = "Xcode 3.2";
			developmentRegion = English;
			hasScannedForEncodings = 0;
			knownRegions = (
				en,
				Base,
			);
			mainGroup = 537F2B761B1F0FCD0063A64E;
			productRefGroup = 537F2B761B1F0FCD0063A64E;
			projectDirPath = "";
			projectRoot = "";
			targets = (
				537F2B7E1B1F0FCD0063A64E /* BloccLibrary */,
			);
		};
/* End PBXProject section */

/* Begin PBXResourcesBuildPhase section */
		537F2B7D1B1F0FCD0063A64E /* Resources */ = {
			isa = PBXResourcesBuildPhase;
			buildActionMask = 2147483647;
			files = (
				537F2C081B1F39130063A64E /* RatingTableViewCell.xib in Resources */,
				537F2C031B1F38C60063A64E /* ContentViewController.xib in Resources */,
				537F2BFB1B1F37B30063A64E /* InfotainmentViewController.xib in Resources */,
			);
			runOnlyForDeploymentPostprocessing = 0;
		};
/* End PBXResourcesBuildPhase section */

/* Begin PBXSourcesBuildPhase section */
		537F2B7B1B1F0FCD0063A64E /* Sources */ = {
			isa = PBXSourcesBuildPhase;
			buildActionMask = 2147483647;
			files = (
				537F2C021B1F38C60063A64E /* ContentViewController.m in Sources */,
				537F2C071B1F39130063A64E /* RatingTableViewCell.m in Sources */,
				537F2BFA1B1F37B30063A64E /* InfotainmentViewController.m in Sources */,
			);
			runOnlyForDeploymentPostprocessing = 0;
		};
/* End PBXSourcesBuildPhase section */

/* Begin XCBuildConfiguration section */
		537F2BA01B1F0FCD0063A64E /* Debug */ = {
			isa = XCBuildConfiguration;
			buildSettings = {
				ALWAYS_SEARCH_USER_PATHS = NO;
				CLANG_CXX_LANGUAGE_STANDARD = "gnu++0x";
				CLANG_CXX_LIBRARY = "libc++";
				CLANG_ENABLE_MODULES = YES;
				CLANG_ENABLE_OBJC_ARC = YES;
				CLANG_WARN_BOOL_CONVERSION = YES;
				CLANG_WARN_CONSTANT_CONVERSION = YES;
				CLANG_WARN_DIRECT_OBJC_ISA_USAGE = YES_ERROR;
				CLANG_WARN_EMPTY_BODY = YES;
				CLANG_WARN_ENUM_CONVERSION = YES;
				CLANG_WARN_INT_CONVERSION = YES;
				CLANG_WARN_OBJC_ROOT_CLASS = YES_ERROR;
				CLANG_WARN_UNREACHABLE_CODE = YES;
				CLANG_WARN__DUPLICATE_METHOD_MATCH = YES;
				"CODE_SIGN_IDENTITY[sdk=iphoneos*]" = "iPhone Developer";
				COPY_PHASE_STRIP = NO;
				DEBUG_INFORMATION_FORMAT = "dwarf-with-dsym";
				ENABLE_STRICT_OBJC_MSGSEND = YES;
				GCC_C_LANGUAGE_STANDARD = gnu99;
				GCC_DYNAMIC_NO_PIC = NO;
				GCC_NO_COMMON_BLOCKS = YES;
				GCC_OPTIMIZATION_LEVEL = 0;
				GCC_PREPROCESSOR_DEFINITIONS = (
					"DEBUG=1",
					"$(inherited)",
				);
				GCC_SYMBOLS_PRIVATE_EXTERN = NO;
				GCC_WARN_64_TO_32_BIT_CONVERSION = YES;
				GCC_WARN_ABOUT_RETURN_TYPE = YES_ERROR;
				GCC_WARN_UNDECLARED_SELECTOR = YES;
				GCC_WARN_UNINITIALIZED_AUTOS = YES_AGGRESSIVE;
				GCC_WARN_UNUSED_FUNCTION = YES;
				GCC_WARN_UNUSED_VARIABLE = YES;
				IPHONEOS_DEPLOYMENT_TARGET = 8.3;
				MTL_ENABLE_DEBUG_INFO = YES;
				ONLY_ACTIVE_ARCH = YES;
				SDKROOT = iphoneos;
			};
			name = Debug;
		};
		537F2BA11B1F0FCD0063A64E /* Release */ = {
			isa = XCBuildConfiguration;
			buildSettings = {
				ALWAYS_SEARCH_USER_PATHS = NO;
				CLANG_CXX_LANGUAGE_STANDARD = "gnu++0x";
				CLANG_CXX_LIBRARY = "libc++";
				CLANG_ENABLE_MODULES = YES;
				CLANG_ENABLE_OBJC_ARC = YES;
				CLANG_WARN_BOOL_CONVERSION = YES;
				CLANG_WARN_CONSTANT_CONVERSION = YES;
				CLANG_WARN_DIRECT_OBJC_ISA_USAGE = YES_ERROR;
				CLANG_WARN_EMPTY_BODY = YES;
				CLANG_WARN_ENUM_CONVERSION = YES;
				CLANG_WARN_INT_CONVERSION = YES;
				CLANG_WARN_OBJC_ROOT_CLASS = YES_ERROR;
				CLANG_WARN_UNREACHABLE_CODE = YES;
				CLANG_WARN__DUPLICATE_METHOD_MATCH = YES;
				"CODE_SIGN_IDENTITY[sdk=iphoneos*]" = "iPhone Developer";
				COPY_PHASE_STRIP = NO;
				DEBUG_INFORMATION_FORMAT = "dwarf-with-dsym";
				ENABLE_NS_ASSERTIONS = NO;
				ENABLE_STRICT_OBJC_MSGSEND = YES;
				GCC_C_LANGUAGE_STANDARD = gnu99;
				GCC_NO_COMMON_BLOCKS = YES;
				GCC_WARN_64_TO_32_BIT_CONVERSION = YES;
				GCC_WARN_ABOUT_RETURN_TYPE = YES_ERROR;
				GCC_WARN_UNDECLARED_SELECTOR = YES;
				GCC_WARN_UNINITIALIZED_AUTOS = YES_AGGRESSIVE;
				GCC_WARN_UNUSED_FUNCTION = YES;
				GCC_WARN_UNUSED_VARIABLE = YES;
				IPHONEOS_DEPLOYMENT_TARGET = 8.3;
				MTL_ENABLE_DEBUG_INFO = NO;
				SDKROOT = iphoneos;
				VALIDATE_PRODUCT = YES;
			};
			name = Release;
		};
		537F2BA31B1F0FCD0063A64E /* Debug */ = {
			isa = XCBuildConfiguration;
			buildSettings = {
				ASSETCATALOG_COMPILER_APPICON_NAME = AppIcon;
				INFOPLIST_FILE = BloccLibrary/Info.plist;
				IPHONEOS_DEPLOYMENT_TARGET = 7.0;
				LD_RUNPATH_SEARCH_PATHS = "$(inherited) @executable_path/Frameworks";
				PRODUCT_NAME = "$(TARGET_NAME)";
			};
			name = Debug;
		};
		537F2BA41B1F0FCD0063A64E /* Release */ = {
			isa = XCBuildConfiguration;
			buildSettings = {
				ASSETCATALOG_COMPILER_APPICON_NAME = AppIcon;
				INFOPLIST_FILE = BloccLibrary/Info.plist;
				IPHONEOS_DEPLOYMENT_TARGET = 7.0;
				LD_RUNPATH_SEARCH_PATHS = "$(inherited) @executable_path/Frameworks";
				PRODUCT_NAME = "$(TARGET_NAME)";
			};
			name = Release;
		};
/* End XCBuildConfiguration section */

/* Begin XCConfigurationList section */
		537F2B7A1B1F0FCD0063A64E /* Build configuration list for PBXProject "BloccLibrary" */ = {
			isa = XCConfigurationList;
			buildConfigurations = (
				537F2BA01B1F0FCD0063A64E /* Debug */,
				537F2BA11B1F0FCD0063A64E /* Release */,
			);
			defaultConfigurationIsVisible = 0;
			defaultConfigurationName = Release;
		};
		537F2BA21B1F0FCD0063A64E /* Build configuration list for PBXNativeTarget "BloccLibrary" */ = {
			isa = XCConfigurationList;
			buildConfigurations = (
				537F2BA31B1F0FCD0063A64E /* Debug */,
				537F2BA41B1F0FCD0063A64E /* Release */,
			);
			defaultConfigurationIsVisible = 0;
			defaultConfigurationName = Release;
		};
/* End XCConfigurationList section */
	};
	rootObject = 537F2B771B1F0FCD0063A64E /* Project object */;
}
