// !$*UTF8*$!
{
	archiveVersion = 1;
	classes = {
	};
	objectVersion = 46;
	objects = {

/* Begin PBXBuildFile section */
		537F2BCB1B1F36F70063A64E /* main.m in Sources */ = {isa = PBXBuildFile; fileRef = 537F2BCA1B1F36F70063A64E /* main.m */; };
		537F2BCE1B1F36F70063A64E /* AppDelegate.m in Sources */ = {isa = PBXBuildFile; fileRef = 537F2BCD1B1F36F70063A64E /* AppDelegate.m */; };
		537F2BD11B1F36F70063A64E /* ViewController.m in Sources */ = {isa = PBXBuildFile; fileRef = 537F2BD01B1F36F70063A64E /* ViewController.m */; };
		537F2BD41B1F36F70063A64E /* Main.storyboard in Resources */ = {isa = PBXBuildFile; fileRef = 537F2BD21B1F36F70063A64E /* Main.storyboard */; };
		537F2BD61B1F36F70063A64E /* Images.xcassets in Resources */ = {isa = PBXBuildFile; fileRef = 537F2BD51B1F36F70063A64E /* Images.xcassets */; };
		537F2BD91B1F36F70063A64E /* LaunchScreen.xib in Resources */ = {isa = PBXBuildFile; fileRef = 537F2BD71B1F36F70063A64E /* LaunchScreen.xib */; };
/* End PBXBuildFile section */

/* Begin PBXFileReference section */
		537F2BC51B1F36F70063A64E /* Example.app */ = {isa = PBXFileReference; explicitFileType = wrapper.application; includeInIndex = 0; path = Example.app; sourceTree = BUILT_PRODUCTS_DIR; };
		537F2BC91B1F36F70063A64E /* Info.plist */ = {isa = PBXFileReference; lastKnownFileType = text.plist.xml; path = Info.plist; sourceTree = "<group>"; };
		537F2BCA1B1F36F70063A64E /* main.m */ = {isa = PBXFileReference; lastKnownFileType = sourcecode.c.objc; path = main.m; sourceTree = "<group>"; };
		537F2BCC1B1F36F70063A64E /* AppDelegate.h */ = {isa = PBXFileReference; lastKnownFileType = sourcecode.c.h; path = AppDelegate.h; sourceTree = "<group>"; };
		537F2BCD1B1F36F70063A64E /* AppDelegate.m */ = {isa = PBXFileReference; lastKnownFileType = sourcecode.c.objc; path = AppDelegate.m; sourceTree = "<group>"; };
		537F2BCF1B1F36F70063A64E /* ViewController.h */ = {isa = PBXFileReference; lastKnownFileType = sourcecode.c.h; path = ViewController.h; sourceTree = "<group>"; };
		537F2BD01B1F36F70063A64E /* ViewController.m */ = {isa = PBXFileReference; lastKnownFileType = sourcecode.c.objc; path = ViewController.m; sourceTree = "<group>"; };
		537F2BD31B1F36F70063A64E /* Base */ = {isa = PBXFileReference; lastKnownFileType = file.storyboard; name = Base; path = Base.lproj/Main.storyboard; sourceTree = "<group>"; };
		537F2BD51B1F36F70063A64E /* Images.xcassets */ = {isa = PBXFileReference; lastKnownFileType = folder.assetcatalog; path = Images.xcassets; sourceTree = "<group>"; };
		537F2BD81B1F36F70063A64E /* Base */ = {isa = PBXFileReference; lastKnownFileType = file.xib; name = Base; path = Base.lproj/LaunchScreen.xib; sourceTree = "<group>"; };
/* End PBXFileReference section */

/* Begin PBXFrameworksBuildPhase section */
		537F2BC21B1F36F70063A64E /* Frameworks */ = {
			isa = PBXFrameworksBuildPhase;
			buildActionMask = 2147483647;
			files = (
			);
			runOnlyForDeploymentPostprocessing = 0;
		};
/* End PBXFrameworksBuildPhase section */

/* Begin PBXGroup section */
		537F2BBC1B1F36F70063A64E = {
			isa = PBXGroup;
			children = (
				537F2BC71B1F36F70063A64E /* Example */,
				537F2BC61B1F36F70063A64E /* Products */,
			);
			sourceTree = "<group>";
		};
		537F2BC61B1F36F70063A64E /* Products */ = {
			isa = PBXGroup;
			children = (
				537F2BC51B1F36F70063A64E /* Example.app */,
			);
			name = Products;
			sourceTree = "<group>";
		};
		537F2BC71B1F36F70063A64E /* Example */ = {
			isa = PBXGroup;
			children = (
				537F2BCC1B1F36F70063A64E /* AppDelegate.h */,
				537F2BCD1B1F36F70063A64E /* AppDelegate.m */,
				537F2BCF1B1F36F70063A64E /* ViewController.h */,
				537F2BD01B1F36F70063A64E /* ViewController.m */,
				537F2BD21B1F36F70063A64E /* Main.storyboard */,
				537F2BD51B1F36F70063A64E /* Images.xcassets */,
				537F2BD71B1F36F70063A64E /* LaunchScreen.xib */,
				537F2BC81B1F36F70063A64E /* Supporting Files */,
			);
			path = Example;
			sourceTree = "<group>";
		};
		537F2BC81B1F36F70063A64E /* Supporting Files */ = {
			isa = PBXGroup;
			children = (
				537F2BC91B1F36F70063A64E /* Info.plist */,
				537F2BCA1B1F36F70063A64E /* main.m */,
			);
			name = "Supporting Files";
			sourceTree = "<group>";
		};
/* End PBXGroup section */

/* Begin PBXNativeTarget section */
		537F2BC41B1F36F70063A64E /* Example */ = {
			isa = PBXNativeTarget;
			buildConfigurationList = 537F2BE81B1F36F70063A64E /* Build configuration list for PBXNativeTarget "Example" */;
			buildPhases = (
				537F2BC11B1F36F70063A64E /* Sources */,
				537F2BC21B1F36F70063A64E /* Frameworks */,
				537F2BC31B1F36F70063A64E /* Resources */,
			);
			buildRules = (
			);
			dependencies = (
			);
			name = Example;
			productName = Example;
			productReference = 537F2BC51B1F36F70063A64E /* Example.app */;
			productType = "com.apple.product-type.application";
		};
/* End PBXNativeTarget section */

/* Begin PBXProject section */
		537F2BBD1B1F36F70063A64E /* Project object */ = {
			isa = PBXProject;
			attributes = {
				LastUpgradeCheck = 0630;
				ORGANIZATIONNAME = "Istvan Cserepes";
				TargetAttributes = {
					537F2BC41B1F36F70063A64E = {
						CreatedOnToolsVersion = 6.3.2;
					};
				};
			};
			buildConfigurationList = 537F2BC01B1F36F70063A64E /* Build configuration list for PBXProject "Example" */;
			compatibilityVersion = "Xcode 3.2";
			developmentRegion = English;
			hasScannedForEncodings = 0;
			knownRegions = (
				en,
				Base,
			);
			mainGroup = 537F2BBC1B1F36F70063A64E;
			productRefGroup = 537F2BC61B1F36F70063A64E /* Products */;
			projectDirPath = "";
			projectRoot = "";
			targets = (
				537F2BC41B1F36F70063A64E /* Example */,
			);
		};
/* End PBXProject section */

/* Begin PBXResourcesBuildPhase section */
		537F2BC31B1F36F70063A64E /* Resources */ = {
			isa = PBXResourcesBuildPhase;
			buildActionMask = 2147483647;
			files = (
				537F2BD41B1F36F70063A64E /* Main.storyboard in Resources */,
				537F2BD91B1F36F70063A64E /* LaunchScreen.xib in Resources */,
				537F2BD61B1F36F70063A64E /* Images.xcassets in Resources */,
			);
			runOnlyForDeploymentPostprocessing = 0;
		};
/* End PBXResourcesBuildPhase section */

/* Begin PBXSourcesBuildPhase section */
		537F2BC11B1F36F70063A64E /* Sources */ = {
			isa = PBXSourcesBuildPhase;
			buildActionMask = 2147483647;
			files = (
				537F2BD11B1F36F70063A64E /* ViewController.m in Sources */,
				537F2BCE1B1F36F70063A64E /* AppDelegate.m in Sources */,
				537F2BCB1B1F36F70063A64E /* main.m in Sources */,
			);
			runOnlyForDeploymentPostprocessing = 0;
		};
/* End PBXSourcesBuildPhase section */

/* Begin PBXVariantGroup section */
		537F2BD21B1F36F70063A64E /* Main.storyboard */ = {
			isa = PBXVariantGroup;
			children = (
				537F2BD31B1F36F70063A64E /* Base */,
			);
			name = Main.storyboard;
			sourceTree = "<group>";
		};
		537F2BD71B1F36F70063A64E /* LaunchScreen.xib */ = {
			isa = PBXVariantGroup;
			children = (
				537F2BD81B1F36F70063A64E /* Base */,
			);
			name = LaunchScreen.xib;
			sourceTree = "<group>";
		};
/* End PBXVariantGroup section */

/* Begin XCBuildConfiguration section */
		537F2BE61B1F36F70063A64E /* Debug */ = {
			isa = XCBuildConfiguration;
			buildSettings = {
				ALWAYS_SEARCH_USER_PATHS = NO;
				CLANG_CXX_LANGUAGE_STANDARD = "gnu++0x";
				CLANG_CXX_LIBRARY = "libc++";
				CLANG_ENABLE_MODULES = YES;
				CLANG_ENABLE_OBJC_ARC = YES;
				CLANG_WARN_BOOL_CONVERSION = YES;
				CLANG_WARN_CONSTANT_CONVERSION = YES;
				CLANG_WARN_DIRECT_OBJC_ISA_USAGE = YES_ERROR;
				CLANG_WARN_EMPTY_BODY = YES;
				CLANG_WARN_ENUM_CONVERSION = YES;
				CLANG_WARN_INT_CONVERSION = YES;
				CLANG_WARN_OBJC_ROOT_CLASS = YES_ERROR;
				CLANG_WARN_UNREACHABLE_CODE = YES;
				CLANG_WARN__DUPLICATE_METHOD_MATCH = YES;
				"CODE_SIGN_IDENTITY[sdk=iphoneos*]" = "iPhone Developer";
				COPY_PHASE_STRIP = NO;
				DEBUG_INFORMATION_FORMAT = "dwarf-with-dsym";
				ENABLE_STRICT_OBJC_MSGSEND = YES;
				GCC_C_LANGUAGE_STANDARD = gnu99;
				GCC_DYNAMIC_NO_PIC = NO;
				GCC_NO_COMMON_BLOCKS = YES;
				GCC_OPTIMIZATION_LEVEL = 0;
				GCC_PREPROCESSOR_DEFINITIONS = (
					"DEBUG=1",
					"$(inherited)",
				);
				GCC_SYMBOLS_PRIVATE_EXTERN = NO;
				GCC_WARN_64_TO_32_BIT_CONVERSION = YES;
				GCC_WARN_ABOUT_RETURN_TYPE = YES_ERROR;
				GCC_WARN_UNDECLARED_SELECTOR = YES;
				GCC_WARN_UNINITIALIZED_AUTOS = YES_AGGRESSIVE;
				GCC_WARN_UNUSED_FUNCTION = YES;
				GCC_WARN_UNUSED_VARIABLE = YES;
				IPHONEOS_DEPLOYMENT_TARGET = 8.3;
				MTL_ENABLE_DEBUG_INFO = YES;
				ONLY_ACTIVE_ARCH = YES;
				SDKROOT = iphoneos;
			};
			name = Debug;
		};
		537F2BE71B1F36F70063A64E /* Release */ = {
			isa = XCBuildConfiguration;
			buildSettings = {
				ALWAYS_SEARCH_USER_PATHS = NO;
				CLANG_CXX_LANGUAGE_STANDARD = "gnu++0x";
				CLANG_CXX_LIBRARY = "libc++";
				CLANG_ENABLE_MODULES = YES;
				CLANG_ENABLE_OBJC_ARC = YES;
				CLANG_WARN_BOOL_CONVERSION = YES;
				CLANG_WARN_CONSTANT_CONVERSION = YES;
				CLANG_WARN_DIRECT_OBJC_ISA_USAGE = YES_ERROR;
				CLANG_WARN_EMPTY_BODY = YES;
				CLANG_WARN_ENUM_CONVERSION = YES;
				CLANG_WARN_INT_CONVERSION = YES;
				CLANG_WARN_OBJC_ROOT_CLASS = YES_ERROR;
				CLANG_WARN_UNREACHABLE_CODE = YES;
				CLANG_WARN__DUPLICATE_METHOD_MATCH = YES;
				"CODE_SIGN_IDENTITY[sdk=iphoneos*]" = "iPhone Developer";
				COPY_PHASE_STRIP = NO;
				DEBUG_INFORMATION_FORMAT = "dwarf-with-dsym";
				ENABLE_NS_ASSERTIONS = NO;
				ENABLE_STRICT_OBJC_MSGSEND = YES;
				GCC_C_LANGUAGE_STANDARD = gnu99;
				GCC_NO_COMMON_BLOCKS = YES;
				GCC_WARN_64_TO_32_BIT_CONVERSION = YES;
				GCC_WARN_ABOUT_RETURN_TYPE = YES_ERROR;
				GCC_WARN_UNDECLARED_SELECTOR = YES;
				GCC_WARN_UNINITIALIZED_AUTOS = YES_AGGRESSIVE;
				GCC_WARN_UNUSED_FUNCTION = YES;
				GCC_WARN_UNUSED_VARIABLE = YES;
				IPHONEOS_DEPLOYMENT_TARGET = 8.3;
				MTL_ENABLE_DEBUG_INFO = NO;
				SDKROOT = iphoneos;
				VALIDATE_PRODUCT = YES;
			};
			name = Release;
		};
		537F2BE91B1F36F70063A64E /* Debug */ = {
			isa = XCBuildConfiguration;
			buildSettings = {
				ASSETCATALOG_COMPILER_APPICON_NAME = AppIcon;
				INFOPLIST_FILE = Example/Info.plist;
				LD_RUNPATH_SEARCH_PATHS = "$(inherited) @executable_path/Frameworks";
				PRODUCT_NAME = "$(TARGET_NAME)";
			};
			name = Debug;
		};
		537F2BEA1B1F36F70063A64E /* Release */ = {
			isa = XCBuildConfiguration;
			buildSettings = {
				ASSETCATALOG_COMPILER_APPICON_NAME = AppIcon;
				INFOPLIST_FILE = Example/Info.plist;
				LD_RUNPATH_SEARCH_PATHS = "$(inherited) @executable_path/Frameworks";
				PRODUCT_NAME = "$(TARGET_NAME)";
			};
			name = Release;
		};
/* End XCBuildConfiguration section */

/* Begin XCConfigurationList section */
		537F2BC01B1F36F70063A64E /* Build configuration list for PBXProject "Example" */ = {
			isa = XCConfigurationList;
			buildConfigurations = (
				537F2BE61B1F36F70063A64E /* Debug */,
				537F2BE71B1F36F70063A64E /* Release */,
			);
			defaultConfigurationIsVisible = 0;
			defaultConfigurationName = Release;
		};
		537F2BE81B1F36F70063A64E /* Build configuration list for PBXNativeTarget "Example" */ = {
			isa = XCConfigurationList;
			buildConfigurations = (
				537F2BE91B1F36F70063A64E /* Debug */,
				537F2BEA1B1F36F70063A64E /* Release */,
			);
			defaultConfigurationIsVisible = 0;
		};
/* End XCConfigurationList section */
	};
	rootObject = 537F2BBD1B1F36F70063A64E /* Project object */;
}
